// !$*UTF8*$!
{
	archiveVersion = 1;
	classes = {
	};
	objectVersion = 50;
	objects = {

/* Begin PBXBuildFile section */
		841D8A8725011ED60004B4A4 /* Interface.swift in Sources */ = {isa = PBXBuildFile; fileRef = 841D8A8625011ED60004B4A4 /* Interface.swift */; };
		8446EC8C2502189F001E3523 /* MenuItemView.xib in Resources */ = {isa = PBXBuildFile; fileRef = 8446EC8B2502189F001E3523 /* MenuItemView.xib */; };
		8446EC8E25021C7D001E3523 /* MenuItemView.swift in Sources */ = {isa = PBXBuildFile; fileRef = 8446EC8D25021C7D001E3523 /* MenuItemView.swift */; };
		8446EC9025021F68001E3523 /* DesignableView.swift in Sources */ = {isa = PBXBuildFile; fileRef = 8446EC8F25021F68001E3523 /* DesignableView.swift */; };
		8446EC9225023236001E3523 /* HeaderMenuView.swift in Sources */ = {isa = PBXBuildFile; fileRef = 8446EC9125023236001E3523 /* HeaderMenuView.swift */; };
		8454041C24FFA39600139685 /* AppDelegate.swift in Sources */ = {isa = PBXBuildFile; fileRef = 8454041B24FFA39600139685 /* AppDelegate.swift */; };
		8454042024FFA39600139685 /* MenuViewController.swift in Sources */ = {isa = PBXBuildFile; fileRef = 8454041F24FFA39600139685 /* MenuViewController.swift */; };
		8454042324FFA39600139685 /* Main.storyboard in Resources */ = {isa = PBXBuildFile; fileRef = 8454042124FFA39600139685 /* Main.storyboard */; };
		8454042624FFA39600139685 /* ToDo.xcdatamodeld in Sources */ = {isa = PBXBuildFile; fileRef = 8454042424FFA39600139685 /* ToDo.xcdatamodeld */; };
		8454042824FFA39900139685 /* Assets.xcassets in Resources */ = {isa = PBXBuildFile; fileRef = 8454042724FFA39900139685 /* Assets.xcassets */; };
		8454042B24FFA39900139685 /* LaunchScreen.storyboard in Resources */ = {isa = PBXBuildFile; fileRef = 8454042924FFA39900139685 /* LaunchScreen.storyboard */; };
		8454043324FFB08700139685 /* Lists.json in Resources */ = {isa = PBXBuildFile; fileRef = 8454043224FFB08700139685 /* Lists.json */; };
		8454043624FFB0D700139685 /* CategoryMenu.swift in Sources */ = {isa = PBXBuildFile; fileRef = 8454043524FFB0D700139685 /* CategoryMenu.swift */; };
		84625FD4252103B00014FA56 /* DatePickerPopupViewController.swift in Sources */ = {isa = PBXBuildFile; fileRef = 84625FD3252103B00014FA56 /* DatePickerPopupViewController.swift */; };
		84625FD7252103EF0014FA56 /* Constants.swift in Sources */ = {isa = PBXBuildFile; fileRef = 84625FD6252103EF0014FA56 /* Constants.swift */; };
		84625FDA2521054D0014FA56 /* CategoryPickerPopupViewController.swift in Sources */ = {isa = PBXBuildFile; fileRef = 84625FD92521054D0014FA56 /* CategoryPickerPopupViewController.swift */; };
		8481B7072500E84D00655FA9 /* Utility.swift in Sources */ = {isa = PBXBuildFile; fileRef = 8481B7062500E84D00655FA9 /* Utility.swift */; };
		8486626A2501A9DD00D2D989 /* MainMenuCell.swift in Sources */ = {isa = PBXBuildFile; fileRef = 848662692501A9DD00D2D989 /* MainMenuCell.swift */; };
		848A866F251E2E910075669A /* CreateNewTaskViewController.swift in Sources */ = {isa = PBXBuildFile; fileRef = 848A866E251E2E910075669A /* CreateNewTaskViewController.swift */; };
/* End PBXBuildFile section */

/* Begin PBXFileReference section */
		841D8A8625011ED60004B4A4 /* Interface.swift */ = {isa = PBXFileReference; lastKnownFileType = sourcecode.swift; path = Interface.swift; sourceTree = "<group>"; };
		8446EC8B2502189F001E3523 /* MenuItemView.xib */ = {isa = PBXFileReference; lastKnownFileType = file.xib; path = MenuItemView.xib; sourceTree = "<group>"; };
		8446EC8D25021C7D001E3523 /* MenuItemView.swift */ = {isa = PBXFileReference; lastKnownFileType = sourcecode.swift; path = MenuItemView.swift; sourceTree = "<group>"; };
		8446EC8F25021F68001E3523 /* DesignableView.swift */ = {isa = PBXFileReference; lastKnownFileType = sourcecode.swift; path = DesignableView.swift; sourceTree = "<group>"; };
		8446EC9125023236001E3523 /* HeaderMenuView.swift */ = {isa = PBXFileReference; lastKnownFileType = sourcecode.swift; path = HeaderMenuView.swift; sourceTree = "<group>"; };
		8454041824FFA39600139685 /* ToDo.app */ = {isa = PBXFileReference; explicitFileType = wrapper.application; includeInIndex = 0; path = ToDo.app; sourceTree = BUILT_PRODUCTS_DIR; };
		8454041B24FFA39600139685 /* AppDelegate.swift */ = {isa = PBXFileReference; lastKnownFileType = sourcecode.swift; path = AppDelegate.swift; sourceTree = "<group>"; };
		8454041F24FFA39600139685 /* MenuViewController.swift */ = {isa = PBXFileReference; lastKnownFileType = sourcecode.swift; path = MenuViewController.swift; sourceTree = "<group>"; };
		8454042224FFA39600139685 /* Base */ = {isa = PBXFileReference; lastKnownFileType = file.storyboard; name = Base; path = Base.lproj/Main.storyboard; sourceTree = "<group>"; };
		8454042524FFA39600139685 /* ToDo.xcdatamodel */ = {isa = PBXFileReference; lastKnownFileType = wrapper.xcdatamodel; path = ToDo.xcdatamodel; sourceTree = "<group>"; };
		8454042724FFA39900139685 /* Assets.xcassets */ = {isa = PBXFileReference; lastKnownFileType = folder.assetcatalog; path = Assets.xcassets; sourceTree = "<group>"; };
		8454042A24FFA39900139685 /* Base */ = {isa = PBXFileReference; lastKnownFileType = file.storyboard; name = Base; path = Base.lproj/LaunchScreen.storyboard; sourceTree = "<group>"; };
		8454042C24FFA39900139685 /* Info.plist */ = {isa = PBXFileReference; lastKnownFileType = text.plist.xml; path = Info.plist; sourceTree = "<group>"; };
		8454043224FFB08700139685 /* Lists.json */ = {isa = PBXFileReference; fileEncoding = 4; lastKnownFileType = text.json; path = Lists.json; sourceTree = "<group>"; };
		8454043524FFB0D700139685 /* CategoryMenu.swift */ = {isa = PBXFileReference; lastKnownFileType = sourcecode.swift; path = CategoryMenu.swift; sourceTree = "<group>"; };
		84625FD3252103B00014FA56 /* DatePickerPopupViewController.swift */ = {isa = PBXFileReference; lastKnownFileType = sourcecode.swift; path = DatePickerPopupViewController.swift; sourceTree = "<group>"; };
		84625FD6252103EF0014FA56 /* Constants.swift */ = {isa = PBXFileReference; lastKnownFileType = sourcecode.swift; path = Constants.swift; sourceTree = "<group>"; };
		84625FD92521054D0014FA56 /* CategoryPickerPopupViewController.swift */ = {isa = PBXFileReference; lastKnownFileType = sourcecode.swift; path = CategoryPickerPopupViewController.swift; sourceTree = "<group>"; };
		8481B7062500E84D00655FA9 /* Utility.swift */ = {isa = PBXFileReference; lastKnownFileType = sourcecode.swift; path = Utility.swift; sourceTree = "<group>"; };
		848662692501A9DD00D2D989 /* MainMenuCell.swift */ = {isa = PBXFileReference; lastKnownFileType = sourcecode.swift; path = MainMenuCell.swift; sourceTree = "<group>"; };
		848A866E251E2E910075669A /* CreateNewTaskViewController.swift */ = {isa = PBXFileReference; lastKnownFileType = sourcecode.swift; path = CreateNewTaskViewController.swift; sourceTree = "<group>"; };
/* End PBXFileReference section */

/* Begin PBXFrameworksBuildPhase section */
		8454041524FFA39600139685 /* Frameworks */ = {
			isa = PBXFrameworksBuildPhase;
			buildActionMask = 2147483647;
			files = (
			);
			runOnlyForDeploymentPostprocessing = 0;
		};
/* End PBXFrameworksBuildPhase section */

/* Begin PBXGroup section */
		841D8A7F25010F3E0004B4A4 /* cells */ = {
			isa = PBXGroup;
			children = (
				848662692501A9DD00D2D989 /* MainMenuCell.swift */,
			);
			path = cells;
			sourceTree = "<group>";
		};
		8446EC8A25021866001E3523 /* views */ = {
			isa = PBXGroup;
			children = (
				8446EC8B2502189F001E3523 /* MenuItemView.xib */,
				8446EC8D25021C7D001E3523 /* MenuItemView.swift */,
				8446EC8F25021F68001E3523 /* DesignableView.swift */,
				8446EC9125023236001E3523 /* HeaderMenuView.swift */,
			);
			path = views;
			sourceTree = "<group>";
		};
		8454040F24FFA39600139685 = {
			isa = PBXGroup;
			children = (
				8454041A24FFA39600139685 /* ToDo */,
				8454041924FFA39600139685 /* Products */,
			);
			sourceTree = "<group>";
		};
		8454041924FFA39600139685 /* Products */ = {
			isa = PBXGroup;
			children = (
				8454041824FFA39600139685 /* ToDo.app */,
			);
			name = Products;
			sourceTree = "<group>";
		};
		8454041A24FFA39600139685 /* ToDo */ = {
			isa = PBXGroup;
			children = (
				848A866D251E2E160075669A /* controllers */,
				8446EC8A25021866001E3523 /* views */,
				841D8A7F25010F3E0004B4A4 /* cells */,
				8481B7052500E71700655FA9 /* utils */,
				8454043424FFB09C00139685 /* models */,
				8454043224FFB08700139685 /* Lists.json */,
				8454041B24FFA39600139685 /* AppDelegate.swift */,
				8454041F24FFA39600139685 /* MenuViewController.swift */,
				8454042124FFA39600139685 /* Main.storyboard */,
				8454042724FFA39900139685 /* Assets.xcassets */,
				8454042924FFA39900139685 /* LaunchScreen.storyboard */,
				8454042C24FFA39900139685 /* Info.plist */,
				8454042424FFA39600139685 /* ToDo.xcdatamodeld */,
				841D8A8625011ED60004B4A4 /* Interface.swift */,
			);
			path = ToDo;
			sourceTree = "<group>";
		};
		8454043424FFB09C00139685 /* models */ = {
			isa = PBXGroup;
			children = (
				8454043524FFB0D700139685 /* CategoryMenu.swift */,
			);
			path = models;
			sourceTree = "<group>";
		};
		8481B7052500E71700655FA9 /* utils */ = {
			isa = PBXGroup;
			children = (
				8481B7062500E84D00655FA9 /* Utility.swift */,
				84625FD6252103EF0014FA56 /* Constants.swift */,
			);
			path = utils;
			sourceTree = "<group>";
		};
		848A866D251E2E160075669A /* controllers */ = {
			isa = PBXGroup;
			children = (
				848A866E251E2E910075669A /* CreateNewTaskViewController.swift */,
				84625FD3252103B00014FA56 /* DatePickerPopupViewController.swift */,
				84625FD92521054D0014FA56 /* CategoryPickerPopupViewController.swift */,
			);
			path = controllers;
			sourceTree = "<group>";
		};
/* End PBXGroup section */

/* Begin PBXNativeTarget section */
		8454041724FFA39600139685 /* ToDo */ = {
			isa = PBXNativeTarget;
			buildConfigurationList = 8454042F24FFA39900139685 /* Build configuration list for PBXNativeTarget "ToDo" */;
			buildPhases = (
				8454041424FFA39600139685 /* Sources */,
				8454041524FFA39600139685 /* Frameworks */,
				8454041624FFA39600139685 /* Resources */,
			);
			buildRules = (
			);
			dependencies = (
			);
			name = ToDo;
			productName = ToDo;
			productReference = 8454041824FFA39600139685 /* ToDo.app */;
			productType = "com.apple.product-type.application";
		};
/* End PBXNativeTarget section */

/* Begin PBXProject section */
		8454041024FFA39600139685 /* Project object */ = {
			isa = PBXProject;
			attributes = {
				LastSwiftUpdateCheck = 1160;
				LastUpgradeCheck = 1160;
				ORGANIZATIONNAME = Admin;
				TargetAttributes = {
					8454041724FFA39600139685 = {
						CreatedOnToolsVersion = 11.6;
					};
				};
			};
			buildConfigurationList = 8454041324FFA39600139685 /* Build configuration list for PBXProject "ToDo" */;
			compatibilityVersion = "Xcode 9.3";
			developmentRegion = en;
			hasScannedForEncodings = 0;
			knownRegions = (
				en,
				Base,
			);
			mainGroup = 8454040F24FFA39600139685;
			productRefGroup = 8454041924FFA39600139685 /* Products */;
			projectDirPath = "";
			projectRoot = "";
			targets = (
				8454041724FFA39600139685 /* ToDo */,
			);
		};
/* End PBXProject section */

/* Begin PBXResourcesBuildPhase section */
		8454041624FFA39600139685 /* Resources */ = {
			isa = PBXResourcesBuildPhase;
			buildActionMask = 2147483647;
			files = (
				8454042B24FFA39900139685 /* LaunchScreen.storyboard in Resources */,
				8454043324FFB08700139685 /* Lists.json in Resources */,
				8454042824FFA39900139685 /* Assets.xcassets in Resources */,
				8446EC8C2502189F001E3523 /* MenuItemView.xib in Resources */,
				8454042324FFA39600139685 /* Main.storyboard in Resources */,
			);
			runOnlyForDeploymentPostprocessing = 0;
		};
/* End PBXResourcesBuildPhase section */

/* Begin PBXSourcesBuildPhase section */
		8454041424FFA39600139685 /* Sources */ = {
			isa = PBXSourcesBuildPhase;
			buildActionMask = 2147483647;
			files = (
				8481B7072500E84D00655FA9 /* Utility.swift in Sources */,
				84625FD4252103B00014FA56 /* DatePickerPopupViewController.swift in Sources */,
				8486626A2501A9DD00D2D989 /* MainMenuCell.swift in Sources */,
				8454042024FFA39600139685 /* MenuViewController.swift in Sources */,
				8454041C24FFA39600139685 /* AppDelegate.swift in Sources */,
				8454042624FFA39600139685 /* ToDo.xcdatamodeld in Sources */,
				848A866F251E2E910075669A /* CreateNewTaskViewController.swift in Sources */,
				84625FD7252103EF0014FA56 /* Constants.swift in Sources */,
				841D8A8725011ED60004B4A4 /* Interface.swift in Sources */,
				84625FDA2521054D0014FA56 /* CategoryPickerPopupViewController.swift in Sources */,
				8446EC8E25021C7D001E3523 /* MenuItemView.swift in Sources */,
				8446EC9225023236001E3523 /* HeaderMenuView.swift in Sources */,
				8454043624FFB0D700139685 /* CategoryMenu.swift in Sources */,
				8446EC9025021F68001E3523 /* DesignableView.swift in Sources */,
			);
			runOnlyForDeploymentPostprocessing = 0;
		};
/* End PBXSourcesBuildPhase section */

/* Begin PBXVariantGroup section */
		8454042124FFA39600139685 /* Main.storyboard */ = {
			isa = PBXVariantGroup;
			children = (
				8454042224FFA39600139685 /* Base */,
			);
			name = Main.storyboard;
			sourceTree = "<group>";
		};
		8454042924FFA39900139685 /* LaunchScreen.storyboard */ = {
			isa = PBXVariantGroup;
			children = (
				8454042A24FFA39900139685 /* Base */,
			);
			name = LaunchScreen.storyboard;
			sourceTree = "<group>";
		};
/* End PBXVariantGroup section */

/* Begin XCBuildConfiguration section */
		8454042D24FFA39900139685 /* Debug */ = {
			isa = XCBuildConfiguration;
			buildSettings = {
				ALWAYS_SEARCH_USER_PATHS = NO;
				CLANG_ANALYZER_NONNULL = YES;
				CLANG_ANALYZER_NUMBER_OBJECT_CONVERSION = YES_AGGRESSIVE;
				CLANG_CXX_LANGUAGE_STANDARD = "gnu++14";
				CLANG_CXX_LIBRARY = "libc++";
				CLANG_ENABLE_MODULES = YES;
				CLANG_ENABLE_OBJC_ARC = YES;
				CLANG_ENABLE_OBJC_WEAK = YES;
				CLANG_WARN_BLOCK_CAPTURE_AUTORELEASING = YES;
				CLANG_WARN_BOOL_CONVERSION = YES;
				CLANG_WARN_COMMA = YES;
				CLANG_WARN_CONSTANT_CONVERSION = YES;
				CLANG_WARN_DEPRECATED_OBJC_IMPLEMENTATIONS = YES;
				CLANG_WARN_DIRECT_OBJC_ISA_USAGE = YES_ERROR;
				CLANG_WARN_DOCUMENTATION_COMMENTS = YES;
				CLANG_WARN_EMPTY_BODY = YES;
				CLANG_WARN_ENUM_CONVERSION = YES;
				CLANG_WARN_INFINITE_RECURSION = YES;
				CLANG_WARN_INT_CONVERSION = YES;
				CLANG_WARN_NON_LITERAL_NULL_CONVERSION = YES;
				CLANG_WARN_OBJC_IMPLICIT_RETAIN_SELF = YES;
				CLANG_WARN_OBJC_LITERAL_CONVERSION = YES;
				CLANG_WARN_OBJC_ROOT_CLASS = YES_ERROR;
				CLANG_WARN_RANGE_LOOP_ANALYSIS = YES;
				CLANG_WARN_STRICT_PROTOTYPES = YES;
				CLANG_WARN_SUSPICIOUS_MOVE = YES;
				CLANG_WARN_UNGUARDED_AVAILABILITY = YES_AGGRESSIVE;
				CLANG_WARN_UNREACHABLE_CODE = YES;
				CLANG_WARN__DUPLICATE_METHOD_MATCH = YES;
				COPY_PHASE_STRIP = NO;
				DEBUG_INFORMATION_FORMAT = dwarf;
				ENABLE_STRICT_OBJC_MSGSEND = YES;
				ENABLE_TESTABILITY = YES;
				GCC_C_LANGUAGE_STANDARD = gnu11;
				GCC_DYNAMIC_NO_PIC = NO;
				GCC_NO_COMMON_BLOCKS = YES;
				GCC_OPTIMIZATION_LEVEL = 0;
				GCC_PREPROCESSOR_DEFINITIONS = (
					"DEBUG=1",
					"$(inherited)",
				);
				GCC_WARN_64_TO_32_BIT_CONVERSION = YES;
				GCC_WARN_ABOUT_RETURN_TYPE = YES_ERROR;
				GCC_WARN_UNDECLARED_SELECTOR = YES;
				GCC_WARN_UNINITIALIZED_AUTOS = YES_AGGRESSIVE;
				GCC_WARN_UNUSED_FUNCTION = YES;
				GCC_WARN_UNUSED_VARIABLE = YES;
				IPHONEOS_DEPLOYMENT_TARGET = 13.0;
				MTL_ENABLE_DEBUG_INFO = INCLUDE_SOURCE;
				MTL_FAST_MATH = YES;
				ONLY_ACTIVE_ARCH = YES;
				SDKROOT = iphoneos;
				SWIFT_ACTIVE_COMPILATION_CONDITIONS = DEBUG;
				SWIFT_OPTIMIZATION_LEVEL = "-Onone";
			};
			name = Debug;
		};
		8454042E24FFA39900139685 /* Release */ = {
			isa = XCBuildConfiguration;
			buildSettings = {
				ALWAYS_SEARCH_USER_PATHS = NO;
				CLANG_ANALYZER_NONNULL = YES;
				CLANG_ANALYZER_NUMBER_OBJECT_CONVERSION = YES_AGGRESSIVE;
				CLANG_CXX_LANGUAGE_STANDARD = "gnu++14";
				CLANG_CXX_LIBRARY = "libc++";
				CLANG_ENABLE_MODULES = YES;
				CLANG_ENABLE_OBJC_ARC = YES;
				CLANG_ENABLE_OBJC_WEAK = YES;
				CLANG_WARN_BLOCK_CAPTURE_AUTORELEASING = YES;
				CLANG_WARN_BOOL_CONVERSION = YES;
				CLANG_WARN_COMMA = YES;
				CLANG_WARN_CONSTANT_CONVERSION = YES;
				CLANG_WARN_DEPRECATED_OBJC_IMPLEMENTATIONS = YES;
				CLANG_WARN_DIRECT_OBJC_ISA_USAGE = YES_ERROR;
				CLANG_WARN_DOCUMENTATION_COMMENTS = YES;
				CLANG_WARN_EMPTY_BODY = YES;
				CLANG_WARN_ENUM_CONVERSION = YES;
				CLANG_WARN_INFINITE_RECURSION = YES;
				CLANG_WARN_INT_CONVERSION = YES;
				CLANG_WARN_NON_LITERAL_NULL_CONVERSION = YES;
				CLANG_WARN_OBJC_IMPLICIT_RETAIN_SELF = YES;
				CLANG_WARN_OBJC_LITERAL_CONVERSION = YES;
				CLANG_WARN_OBJC_ROOT_CLASS = YES_ERROR;
				CLANG_WARN_RANGE_LOOP_ANALYSIS = YES;
				CLANG_WARN_STRICT_PROTOTYPES = YES;
				CLANG_WARN_SUSPICIOUS_MOVE = YES;
				CLANG_WARN_UNGUARDED_AVAILABILITY = YES_AGGRESSIVE;
				CLANG_WARN_UNREACHABLE_CODE = YES;
				CLANG_WARN__DUPLICATE_METHOD_MATCH = YES;
				COPY_PHASE_STRIP = NO;
				DEBUG_INFORMATION_FORMAT = "dwarf-with-dsym";
				ENABLE_NS_ASSERTIONS = NO;
				ENABLE_STRICT_OBJC_MSGSEND = YES;
				GCC_C_LANGUAGE_STANDARD = gnu11;
				GCC_NO_COMMON_BLOCKS = YES;
				GCC_WARN_64_TO_32_BIT_CONVERSION = YES;
				GCC_WARN_ABOUT_RETURN_TYPE = YES_ERROR;
				GCC_WARN_UNDECLARED_SELECTOR = YES;
				GCC_WARN_UNINITIALIZED_AUTOS = YES_AGGRESSIVE;
				GCC_WARN_UNUSED_FUNCTION = YES;
				GCC_WARN_UNUSED_VARIABLE = YES;
				IPHONEOS_DEPLOYMENT_TARGET = 13.0;
				MTL_ENABLE_DEBUG_INFO = NO;
				MTL_FAST_MATH = YES;
				SDKROOT = iphoneos;
				SWIFT_COMPILATION_MODE = wholemodule;
				SWIFT_OPTIMIZATION_LEVEL = "-O";
				VALIDATE_PRODUCT = YES;
			};
			name = Release;
		};
		8454043024FFA39900139685 /* Debug */ = {
			isa = XCBuildConfiguration;
			buildSettings = {
				ASSETCATALOG_COMPILER_APPICON_NAME = AppIcon;
				CODE_SIGN_STYLE = Automatic;
				INFOPLIST_FILE = ToDo/Info.plist;
				IPHONEOS_DEPLOYMENT_TARGET = 13.0;
				LD_RUNPATH_SEARCH_PATHS = (
					"$(inherited)",
					"@executable_path/Frameworks",
				);
				PRODUCT_BUNDLE_IDENTIFIER = by.makarevich.ToDo;
				PRODUCT_NAME = "$(TARGET_NAME)";
				SWIFT_VERSION = 5.0;
				TARGETED_DEVICE_FAMILY = "1,2";
			};
			name = Debug;
		};
		8454043124FFA39900139685 /* Release */ = {
			isa = XCBuildConfiguration;
			buildSettings = {
				ASSETCATALOG_COMPILER_APPICON_NAME = AppIcon;
				CODE_SIGN_STYLE = Automatic;
				INFOPLIST_FILE = ToDo/Info.plist;
				IPHONEOS_DEPLOYMENT_TARGET = 13.0;
				LD_RUNPATH_SEARCH_PATHS = (
					"$(inherited)",
					"@executable_path/Frameworks",
				);
				PRODUCT_BUNDLE_IDENTIFIER = by.makarevich.ToDo;
				PRODUCT_NAME = "$(TARGET_NAME)";
				SWIFT_VERSION = 5.0;
				TARGETED_DEVICE_FAMILY = "1,2";
			};
			name = Release;
		};
/* End XCBuildConfiguration section */

/* Begin XCConfigurationList section */
		8454041324FFA39600139685 /* Build configuration list for PBXProject "ToDo" */ = {
			isa = XCConfigurationList;
			buildConfigurations = (
				8454042D24FFA39900139685 /* Debug */,
				8454042E24FFA39900139685 /* Release */,
			);
			defaultConfigurationIsVisible = 0;
			defaultConfigurationName = Release;
		};
		8454042F24FFA39900139685 /* Build configuration list for PBXNativeTarget "ToDo" */ = {
			isa = XCConfigurationList;
			buildConfigurations = (
				8454043024FFA39900139685 /* Debug */,
				8454043124FFA39900139685 /* Release */,
			);
			defaultConfigurationIsVisible = 0;
			defaultConfigurationName = Release;
		};
/* End XCConfigurationList section */

/* Begin XCVersionGroup section */
		8454042424FFA39600139685 /* ToDo.xcdatamodeld */ = {
			isa = XCVersionGroup;
			children = (
				8454042524FFA39600139685 /* ToDo.xcdatamodel */,
			);
			currentVersion = 8454042524FFA39600139685 /* ToDo.xcdatamodel */;
			path = ToDo.xcdatamodeld;
			sourceTree = "<group>";
			versionGroupType = wrapper.xcdatamodel;
		};
/* End XCVersionGroup section */
	};
	rootObject = 8454041024FFA39600139685 /* Project object */;
}
